// !$*UTF8*$!
{
	archiveVersion = 1;
	classes = {
	};
	objectVersion = 56;
	objects = {

/* Begin PBXFileReference section */
		5209B21B2A97B1B4001DCF23 /* badge_download_on_the_app_store.svg */ = {isa = PBXFileReference; lastKnownFileType = text; path = badge_download_on_the_app_store.svg; sourceTree = "<group>"; };
		5235BE2F2A8A633A001D797B /* index.html */ = {isa = PBXFileReference; lastKnownFileType = text.html; path = index.html; sourceTree = "<group>"; };
		5235BE302A8A633A001D797B /* privacy.html */ = {isa = PBXFileReference; lastKnownFileType = text.html; path = privacy.html; sourceTree = "<group>"; };
		523BB0F62AE7C3CF00E6CB78 /* NOTES */ = {isa = PBXFileReference; lastKnownFileType = text; path = NOTES; sourceTree = "<group>"; };
		5298B2F12AE6BC12009698B1 /* aiwriter.html */ = {isa = PBXFileReference; lastKnownFileType = text.html; path = aiwriter.html; sourceTree = "<group>"; };
		52CDE1972B0B2C6600D3FCAD /* hero_screens_group.webp */ = {isa = PBXFileReference; lastKnownFileType = file; path = hero_screens_group.webp; sourceTree = "<group>"; };
		52CDE1982B0B2E4B00D3FCAD /* favicon.png */ = {isa = PBXFileReference; lastKnownFileType = image.png; path = favicon.png; sourceTree = "<group>"; };
		52CDE1992B0B34C800D3FCAD /* app.css */ = {isa = PBXFileReference; lastKnownFileType = text.css; path = app.css; sourceTree = "<group>"; };
/* End PBXFileReference section */

/* Begin PBXGroup section */
		5235BE282A8A62AC001D797B = {
			isa = PBXGroup;
			children = (
				523BB0F62AE7C3CF00E6CB78 /* NOTES */,
				5235BE332A8A6411001D797B /* images */,
				5235BE2F2A8A633A001D797B /* index.html */,
				5298B2F12AE6BC12009698B1 /* aiwriter.html */,
				52CDE1992B0B34C800D3FCAD /* app.css */,
				5235BE302A8A633A001D797B /* privacy.html */,
			);
			sourceTree = "<group>";
		};
		5235BE332A8A6411001D797B /* images */ = {
			isa = PBXGroup;
			children = (
				5209B21B2A97B1B4001DCF23 /* badge_download_on_the_app_store.svg */,
				52CDE1982B0B2E4B00D3FCAD /* favicon.png */,
				52CDE1972B0B2C6600D3FCAD /* hero_screens_group.webp */,
			);
			path = images;
			sourceTree = "<group>";
		};
/* End PBXGroup section */

/* Begin PBXProject section */
		5235BE292A8A62AC001D797B /* Project object */ = {
			isa = PBXProject;
			attributes = {
				BuildIndependentTargetsInParallel = 1;
				LastUpgradeCheck = 1430;
			};
			buildConfigurationList = 5235BE2C2A8A62AC001D797B /* Build configuration list for PBXProject "App Site" */;
			compatibilityVersion = "Xcode 14.0";
			developmentRegion = en;
			hasScannedForEncodings = 0;
			knownRegions = (
				en,
				Base,
			);
			mainGroup = 5235BE282A8A62AC001D797B;
			projectDirPath = "";
			projectRoot = "";
			targets = (
			);
		};
/* End PBXProject section */

/* Begin XCBuildConfiguration section */
		5235BE2D2A8A62AC001D797B /* Debug */ = {
			isa = XCBuildConfiguration;
			buildSettings = {
			};
			name = Debug;
		};
		5235BE2E2A8A62AC001D797B /* Release */ = {
			isa = XCBuildConfiguration;
			buildSettings = {
			};
			name = Release;
		};
/* End XCBuildConfiguration section */

/* Begin XCConfigurationList section */
		5235BE2C2A8A62AC001D797B /* Build configuration list for PBXProject "App Site" */ = {
			isa = XCConfigurationList;
			buildConfigurations = (
				5235BE2D2A8A62AC001D797B /* Debug */,
				5235BE2E2A8A62AC001D797B /* Release */,
			);
			defaultConfigurationIsVisible = 0;
			defaultConfigurationName = Release;
		};
/* End XCConfigurationList section */
	};
	rootObject = 5235BE292A8A62AC001D797B /* Project object */;
}
