// !$*UTF8*$!
{
	archiveVersion = 1;
	classes = {
	};
	objectVersion = 56;
	objects = {

/* Begin PBXFileReference section */
		5209B21B2A97B1B4001DCF23 /* download_on_the_app_store_badge.svg */ = {isa = PBXFileReference; lastKnownFileType = text; path = download_on_the_app_store_badge.svg; sourceTree = "<group>"; };
		52210EEB2B11CE7C0081AE53 /* index.css */ = {isa = PBXFileReference; lastKnownFileType = text.css; path = index.css; sourceTree = "<group>"; };
		5235BE2F2A8A633A001D797B /* index.html */ = {isa = PBXFileReference; lastKnownFileType = text.html; path = index.html; sourceTree = "<group>"; };
		5235BE302A8A633A001D797B /* privacy.html */ = {isa = PBXFileReference; lastKnownFileType = text.html; path = privacy.html; sourceTree = "<group>"; };
		526FF96B2B110281004BA46F /* hero_screens_group.png */ = {isa = PBXFileReference; lastKnownFileType = image.png; path = hero_screens_group.png; sourceTree = "<group>"; };
		5298B2F12AE6BC12009698B1 /* app.html */ = {isa = PBXFileReference; lastKnownFileType = text.html; path = app.html; sourceTree = "<group>"; };
		529E90852B25C721009E63E7 /* favicon_icon.svg */ = {isa = PBXFileReference; lastKnownFileType = text.xml; path = favicon_icon.svg; sourceTree = "<group>"; };
		529E90862B25CA4C009E63E7 /* favicon_icon.ico */ = {isa = PBXFileReference; lastKnownFileType = image.ico; path = favicon_icon.ico; sourceTree = "<group>"; };
		52A4333F2B2427F5008588BA /* apple_touch_icon.png */ = {isa = PBXFileReference; lastKnownFileType = image.png; path = apple_touch_icon.png; sourceTree = "<group>"; };
		52A433402B2427F5008588BA /* open_graph_logo.png */ = {isa = PBXFileReference; lastKnownFileType = image.png; path = open_graph_logo.png; sourceTree = "<group>"; };
		52A433412B2427F5008588BA /* favicon_icon_192x192.png */ = {isa = PBXFileReference; lastKnownFileType = image.png; path = favicon_icon_192x192.png; sourceTree = "<group>"; };
		52A433422B244507008588BA /* NOTES.md */ = {isa = PBXFileReference; lastKnownFileType = net.daringfireball.markdown; path = NOTES.md; sourceTree = "<group>"; };
		52A433432B244768008588BA /* hero_screens_group.webp */ = {isa = PBXFileReference; lastKnownFileType = file; path = hero_screens_group.webp; sourceTree = "<group>"; };
		52A8AF142B2AC15A00DAAE5F /* privacy.html */ = {isa = PBXFileReference; lastKnownFileType = text.html; path = privacy.html; sourceTree = "<group>"; };
		52A8AF152B2AC5F500DAAE5F /* app-ads.txt */ = {isa = PBXFileReference; lastKnownFileType = text; path = "app-ads.txt"; sourceTree = "<group>"; };
		52CDE1992B0B34C800D3FCAD /* app.css */ = {isa = PBXFileReference; lastKnownFileType = text.css; path = app.css; sourceTree = "<group>"; };
		52CDE19A2B0B589600D3FCAD /* privacy.css */ = {isa = PBXFileReference; lastKnownFileType = text.css; path = privacy.css; sourceTree = "<group>"; };
/* End PBXFileReference section */

/* Begin PBXGroup section */
		52210EEC2B1200DF0081AE53 /* css */ = {
			isa = PBXGroup;
			children = (
				52210EEB2B11CE7C0081AE53 /* index.css */,
				52CDE1992B0B34C800D3FCAD /* app.css */,
				52CDE19A2B0B589600D3FCAD /* privacy.css */,
			);
			path = css;
			sourceTree = "<group>";
		};
		52210EED2B1201540081AE53 /* app */ = {
			isa = PBXGroup;
			children = (
				52210EEE2B1212E00081AE53 /* aiwriter */,
			);
			path = app;
			sourceTree = "<group>";
		};
		52210EEE2B1212E00081AE53 /* aiwriter */ = {
			isa = PBXGroup;
			children = (
				5298B2F12AE6BC12009698B1 /* app.html */,
				5235BE302A8A633A001D797B /* privacy.html */,
				52210EEF2B1215A50081AE53 /* assets */,
			);
			path = aiwriter;
			sourceTree = "<group>";
		};
		52210EEF2B1215A50081AE53 /* assets */ = {
			isa = PBXGroup;
			children = (
				526FF96B2B110281004BA46F /* hero_screens_group.png */,
				52A433432B244768008588BA /* hero_screens_group.webp */,
			);
			path = assets;
			sourceTree = "<group>";
		};
		5235BE282A8A62AC001D797B = {
			isa = PBXGroup;
			children = (
				52A433422B244507008588BA /* NOTES.md */,
				5235BE2F2A8A633A001D797B /* index.html */,
				52A8AF142B2AC15A00DAAE5F /* privacy.html */,
				52A8AF152B2AC5F500DAAE5F /* app-ads.txt */,
				52210EED2B1201540081AE53 /* app */,
				52210EEC2B1200DF0081AE53 /* css */,
				5235BE332A8A6411001D797B /* assets */,
			);
			sourceTree = "<group>";
		};
		5235BE332A8A6411001D797B /* assets */ = {
			isa = PBXGroup;
			children = (
				529E90852B25C721009E63E7 /* favicon_icon.svg */,
				529E90862B25CA4C009E63E7 /* favicon_icon.ico */,
				52A433412B2427F5008588BA /* favicon_icon_192x192.png */,
				52A4333F2B2427F5008588BA /* apple_touch_icon.png */,
				52A433402B2427F5008588BA /* open_graph_logo.png */,
				5209B21B2A97B1B4001DCF23 /* download_on_the_app_store_badge.svg */,
			);
			path = assets;
			sourceTree = "<group>";
		};
/* End PBXGroup section */

/* Begin PBXProject section */
		5235BE292A8A62AC001D797B /* Project object */ = {
			isa = PBXProject;
			attributes = {
				BuildIndependentTargetsInParallel = 1;
				LastUpgradeCheck = 1430;
			};
			buildConfigurationList = 5235BE2C2A8A62AC001D797B /* Build configuration list for PBXProject "App Site" */;
			compatibilityVersion = "Xcode 14.0";
			developmentRegion = en;
			hasScannedForEncodings = 0;
			knownRegions = (
				en,
				Base,
			);
			mainGroup = 5235BE282A8A62AC001D797B;
			projectDirPath = "";
			projectRoot = "";
			targets = (
			);
		};
/* End PBXProject section */

/* Begin XCBuildConfiguration section */
		5235BE2D2A8A62AC001D797B /* Debug */ = {
			isa = XCBuildConfiguration;
			buildSettings = {
			};
			name = Debug;
		};
		5235BE2E2A8A62AC001D797B /* Release */ = {
			isa = XCBuildConfiguration;
			buildSettings = {
			};
			name = Release;
		};
/* End XCBuildConfiguration section */

/* Begin XCConfigurationList section */
		5235BE2C2A8A62AC001D797B /* Build configuration list for PBXProject "App Site" */ = {
			isa = XCConfigurationList;
			buildConfigurations = (
				5235BE2D2A8A62AC001D797B /* Debug */,
				5235BE2E2A8A62AC001D797B /* Release */,
			);
			defaultConfigurationIsVisible = 0;
			defaultConfigurationName = Release;
		};
/* End XCConfigurationList section */
	};
	rootObject = 5235BE292A8A62AC001D797B /* Project object */;
}
